{
  "name": "androidproject1",
  "version": "1.0.0",
  "lockfileVersion": 1,
  "requires": true,
  "dependencies": {
    "circularjs": {
      "version": "0.1.3",
      "resolved": "https://registry.npmjs.org/circularjs/-/circularjs-0.1.3.tgz",
      "integrity": "sha1-eK3u4Fmwuv4Lc5Z6/CGmIl++I+Y=",
      "requires": {
        "underscore": "~1.6.0"
      }
    },
    "gson": {
      "version": "0.1.5",
      "resolved": "https://registry.npmjs.org/gson/-/gson-0.1.5.tgz",
      "integrity": "sha1-l3KMekUhqiOzecaR5q2Qo9VIruA=",
      "requires": {
        "circularjs": "~0.1.0"
      }
    },
    "underscore": {
      "version": "1.6.0",
      "resolved": "https://registry.npmjs.org/underscore/-/underscore-1.6.0.tgz",
      "integrity": "sha1-izixDKze9jM3uLJOT/htRa6lKag="
    }
  }
}
